<?xml version="1.0" encoding="utf-8"?>
<Project ToolsVersion="4.0" xmlns="http://schemas.microsoft.com/developer/msbuild/2003">
  <ItemGroup>
    <Filter Include="Source Files">
      <UniqueIdentifier>{4FC737F1-C7A5-4376-A066-2A32D752A2FF}</UniqueIdentifier>
      <Extensions>cpp;c;cc;cxx;c++;cppm;ixx;def;odl;idl;hpj;bat;asm;asmx</Extensions>
    </Filter>
    <Filter Include="Header Files">
      <UniqueIdentifier>{93995380-89BD-4b04-88EB-625FBE52EBFB}</UniqueIdentifier>
      <Extensions>h;hh;hpp;hxx;h++;hm;inl;inc;ipp;xsd</Extensions>
    </Filter>
    <Filter Include="images">
      <UniqueIdentifier>{23f58644-c3c7-4942-be9d-92033099d6e1}</UniqueIdentifier>
    </Filter>
    <Filter Include="imgui">
      <UniqueIdentifier>{8249cda1-177b-46cc-8e71-4dac198e2184}</UniqueIdentifier>
    </Filter>
    <Filter Include="shaders">
      <UniqueIdentifier>{f8c4b9a9-04b5-4e26-b5ed-ed32c124ec5b}</UniqueIdentifier>
    </Filter>
    <Filter Include="audios">
      <UniqueIdentifier>{decf59ba-3175-4f6a-b96f-e28565935ce8}</UniqueIdentifier>
    </Filter>
  </ItemGroup>
  <ItemGroup>
    <ClCompile Include="MusicBox.cpp">
      <Filter>Source Files</Filter>
    </ClCompile>
    <ClCompile Include="utils.cpp">
      <Filter>Source Files</Filter>
    </ClCompile>
    <ClCompile Include="imgui\imgui.cpp">
      <Filter>imgui</Filter>
    </ClCompile>
    <ClCompile Include="imgui\imgui_demo.cpp">
      <Filter>imgui</Filter>
    </ClCompile>
    <ClCompile Include="imgui\imgui_draw.cpp">
      <Filter>imgui</Filter>
    </ClCompile>
    <ClCompile Include="imgui\imgui_widgets.cpp">
      <Filter>imgui</Filter>
    </ClCompile>
    <ClCompile Include="imgui\examples\imgui_impl_glfw.cpp">
      <Filter>imgui</Filter>
    </ClCompile>
    <ClCompile Include="imgui\examples\imgui_impl_opengl3.cpp">
      <Filter>imgui</Filter>
    </ClCompile>
    <ClCompile Include="mesh.cpp">
      <Filter>Source Files</Filter>
    </ClCompile>
    <ClCompile Include="Camera.cpp">
      <Filter>Source Files</Filter>
    </ClCompile>
    <ClCompile Include="AudioWave.cpp">
      <Filter>Source Files</Filter>
    </ClCompile>
  </ItemGroup>
  <ItemGroup>
    <ClInclude Include="stb_image.h">
      <Filter>Header Files</Filter>
    </ClInclude>
    <ClInclude Include="utils.hpp">
      <Filter>Header Files</Filter>
    </ClInclude>
    <ClInclude Include="imgui\imconfig.h">
      <Filter>imgui</Filter>
    </ClInclude>
    <ClInclude Include="imgui\imgui.h">
      <Filter>imgui</Filter>
    </ClInclude>
    <ClInclude Include="imgui\imgui_internal.h">
      <Filter>imgui</Filter>
    </ClInclude>
    <ClInclude Include="imgui\examples\imgui_impl_glfw.h">
      <Filter>imgui</Filter>
    </ClInclude>
    <ClInclude Include="imgui\examples\imgui_impl_opengl3.h">
      <Filter>imgui</Filter>
    </ClInclude>
    <ClInclude Include="mesh.hpp">
      <Filter>Header Files</Filter>
    </ClInclude>
    <ClInclude Include="resource.h">
      <Filter>Header Files</Filter>
    </ClInclude>
    <ClInclude Include="constants.hpp">
      <Filter>Source Files</Filter>
    </ClInclude>
    <ClInclude Include="Camera.hpp">
      <Filter>Source Files</Filter>
    </ClInclude>
    <ClInclude Include="AudioFile.h">
      <Filter>Header Files</Filter>
    </ClInclude>
    <ClInclude Include="AudioWave.hpp">
      <Filter>Source Files</Filter>
    </ClInclude>
  </ItemGroup>
  <ItemGroup>
    <Image Include="images\textureB.jpeg">
      <Filter>images</Filter>
    </Image>
    <Image Include="images\rock.jpg">
      <Filter>images</Filter>
    </Image>
    <Image Include="images\brickwall.jpg">
      <Filter>images</Filter>
    </Image>
    <Image Include="images\brickwall_normal.jpg">
      <Filter>images</Filter>
    </Image>
    <Image Include="images\sand.jpg">
      <Filter>images</Filter>
    </Image>
  </ItemGroup>
  <ItemGroup>
    <ResourceCompile Include="MusicBox.rc" />
  </ItemGroup>
  <ItemGroup>
    <None Include="shaders\sh_f_disp.glsl">
      <Filter>shaders</Filter>
    </None>
    <None Include="shaders\sh_v_disp.glsl">
      <Filter>shaders</Filter>
    </None>
    <None Include="shaders\sh_f_gpgpu.glsl">
      <Filter>shaders</Filter>
    </None>
    <None Include="shaders\sh_v_gpgpu.glsl">
      <Filter>shaders</Filter>
    </None>
  </ItemGroup>
  <ItemGroup>
    <Media Include="audios\breakout.wav">
      <Filter>audios</Filter>
    </Media>
    <Media Include="audios\passion.wav">
      <Filter>audios</Filter>
    </Media>
  </ItemGroup>
</Project>